
Microsoft Visual Studio Solution File, Format Version 12.00
# Visual Studio Version 17
VisualStudioVersion = 17.9.34526.213
MinimumVisualStudioVersion = 10.0.40219.1
Project("{FAE04EC0-301F-11D3-BF4B-00C04F79EFBC}") = "Dragon-WebApi", "Dragon-WebApi.csproj", "{8F00DC8F-198A-4FC5-A8FE-8D41B6376AC5}"
EndProject
Global
	GlobalSection(SolutionConfigurationPlatforms) = preSolution
		Debug|Any CPU = Debug|Any CPU
		Release|Any CPU = Release|Any CPU
	EndGlobalSection
	GlobalSection(ProjectConfigurationPlatforms) = postSolution
		{8F00DC8F-198A-4FC5-A8FE-8D41B6376AC5}.Debug|Any CPU.ActiveCfg = Debug|Any CPU
		{8F00DC8F-198A-4FC5-A8FE-8D41B6376AC5}.Debug|Any CPU.Build.0 = Debug|Any CPU
		{8F00DC8F-198A-4FC5-A8FE-8D41B6376AC5}.Release|Any CPU.ActiveCfg = Release|Any CPU
		{8F00DC8F-198A-4FC5-A8FE-8D41B6376AC5}.Release|Any CPU.Build.0 = Release|Any CPU
	EndGlobalSection
	GlobalSection(SolutionProperties) = preSolution
		HideSolutionNode = FALSE
	EndGlobalSection
	GlobalSection(ExtensibilityGlobals) = postSolution
		SolutionGuid = {C6F59B9D-8902-4FC3-A18D-D5F34D12301C}
	EndGlobalSection
EndGlobal
